
Microsoft Visual Studio Solution File, Format Version 12.00
# Visual Studio Version 16
VisualStudioVersion = 16.0.31005.135
MinimumVisualStudioVersion = 10.0.40219.1
Project("{9A19103F-16F7-4668-BE54-9A1E7A4F7556}") = "FXbox.Cloud.Shared", "Cloud\Shared\FXbox.Cloud.Shared\FXbox.Cloud.Shared.csproj", "{E7BEA8D7-6F38-45C5-90D5-5462ACCC6250}"
EndProject
Project("{9A19103F-16F7-4668-BE54-9A1E7A4F7556}") = "FXbox.Cloud.Services.Configuration", "Cloud\Services\FXbox.Cloud.Services.Configuration\FXbox.Cloud.Services.Configuration.csproj", "{0067F2D4-ACD4-4B4D-953F-54D7DA89CDA5}"
EndProject
Project("{9A19103F-16F7-4668-BE54-9A1E7A4F7556}") = "FXbox.Cloud.Services.Agents", "Cloud\Services\FXbox.Cloud.Services.Agents\FXbox.Cloud.Services.Agents.csproj", "{8ED43F81-C18E-4CB0-80D8-06CB9CD16040}"
EndProject
Project("{9A19103F-16F7-4668-BE54-9A1E7A4F7556}") = "FXbox.Cloud.Gateway.Dashboard", "Cloud\Gateway\FXbox.Cloud.Gateway.Dashboard\FXbox.Cloud.Gateway.Dashboard.csproj", "{2ECCC06A-010C-4E99-9447-2A5BA4B1E263}"
EndProject
Project("{9A19103F-16F7-4668-BE54-9A1E7A4F7556}") = "FXbox.Cloud.Gateway.Agent", "Cloud\Gateway\FXbox.Cloud.Gateway.Agent\FXbox.Cloud.Gateway.Agent.csproj", "{A624F974-C8EA-4B50-B921-48B50A761BBE}"
EndProject
Project("{9A19103F-16F7-4668-BE54-9A1E7A4F7556}") = "FXbox.Cloud.Auth.Identity", "Cloud\Auth\FXbox.Cloud.Auth.Identity\FXbox.Cloud.Auth.Identity.csproj", "{7AFFF817-FA7F-4818-B5AE-80107809BEE6}"
EndProject
Project("{9A19103F-16F7-4668-BE54-9A1E7A4F7556}") = "FXbox.Cloud.Presentation.Agent", "Cloud\Presentation\FXbox.Cloud.Presentation.Agent\FXbox.Cloud.Presentation.Agent.csproj", "{3F99726F-3A7E-4A57-9B68-A5F787728809}"
EndProject
Project("{9A19103F-16F7-4668-BE54-9A1E7A4F7556}") = "FXbox.Cloud.Presentation.FrontOffice", "Cloud\Presentation\FXbox.Cloud.Presentation.FrontOffice\FXbox.Cloud.Presentation.FrontOffice.csproj", "{AA5D1541-717C-43AF-BCD3-E0275DC184DC}"
EndProject
Project("{FAE04EC0-301F-11D3-BF4B-00C04F79EFBC}") = "FXbox.Cloud.Presentation.BackOffice", "Cloud\Presentation\FXbox.Cloud.Presentation.BackOffice\FXbox.Cloud.Presentation.BackOffice.csproj", "{4CE93A50-6B2E-4C64-ACE5-D799A163F34C}"
EndProject
Global
	GlobalSection(SolutionConfigurationPlatforms) = preSolution
		Debug|Any CPU = Debug|Any CPU
		Release|Any CPU = Release|Any CPU
	EndGlobalSection
	GlobalSection(ProjectConfigurationPlatforms) = postSolution
		{E7BEA8D7-6F38-45C5-90D5-5462ACCC6250}.Debug|Any CPU.ActiveCfg = Debug|Any CPU
		{E7BEA8D7-6F38-45C5-90D5-5462ACCC6250}.Debug|Any CPU.Build.0 = Debug|Any CPU
		{E7BEA8D7-6F38-45C5-90D5-5462ACCC6250}.Release|Any CPU.ActiveCfg = Release|Any CPU
		{E7BEA8D7-6F38-45C5-90D5-5462ACCC6250}.Release|Any CPU.Build.0 = Release|Any CPU
		{0067F2D4-ACD4-4B4D-953F-54D7DA89CDA5}.Debug|Any CPU.ActiveCfg = Debug|Any CPU
		{0067F2D4-ACD4-4B4D-953F-54D7DA89CDA5}.Debug|Any CPU.Build.0 = Debug|Any CPU
		{0067F2D4-ACD4-4B4D-953F-54D7DA89CDA5}.Release|Any CPU.ActiveCfg = Release|Any CPU
		{0067F2D4-ACD4-4B4D-953F-54D7DA89CDA5}.Release|Any CPU.Build.0 = Release|Any CPU
		{8ED43F81-C18E-4CB0-80D8-06CB9CD16040}.Debug|Any CPU.ActiveCfg = Debug|Any CPU
		{8ED43F81-C18E-4CB0-80D8-06CB9CD16040}.Debug|Any CPU.Build.0 = Debug|Any CPU
		{8ED43F81-C18E-4CB0-80D8-06CB9CD16040}.Release|Any CPU.ActiveCfg = Release|Any CPU
		{8ED43F81-C18E-4CB0-80D8-06CB9CD16040}.Release|Any CPU.Build.0 = Release|Any CPU
		{2ECCC06A-010C-4E99-9447-2A5BA4B1E263}.Debug|Any CPU.ActiveCfg = Debug|Any CPU
		{2ECCC06A-010C-4E99-9447-2A5BA4B1E263}.Debug|Any CPU.Build.0 = Debug|Any CPU
		{2ECCC06A-010C-4E99-9447-2A5BA4B1E263}.Release|Any CPU.ActiveCfg = Release|Any CPU
		{2ECCC06A-010C-4E99-9447-2A5BA4B1E263}.Release|Any CPU.Build.0 = Release|Any CPU
		{A624F974-C8EA-4B50-B921-48B50A761BBE}.Debug|Any CPU.ActiveCfg = Debug|Any CPU
		{A624F974-C8EA-4B50-B921-48B50A761BBE}.Debug|Any CPU.Build.0 = Debug|Any CPU
		{A624F974-C8EA-4B50-B921-48B50A761BBE}.Release|Any CPU.ActiveCfg = Release|Any CPU
		{A624F974-C8EA-4B50-B921-48B50A761BBE}.Release|Any CPU.Build.0 = Release|Any CPU
		{7AFFF817-FA7F-4818-B5AE-80107809BEE6}.Debug|Any CPU.ActiveCfg = Debug|Any CPU
		{7AFFF817-FA7F-4818-B5AE-80107809BEE6}.Debug|Any CPU.Build.0 = Debug|Any CPU
		{7AFFF817-FA7F-4818-B5AE-80107809BEE6}.Release|Any CPU.ActiveCfg = Release|Any CPU
		{7AFFF817-FA7F-4818-B5AE-80107809BEE6}.Release|Any CPU.Build.0 = Release|Any CPU
		{3F99726F-3A7E-4A57-9B68-A5F787728809}.Debug|Any CPU.ActiveCfg = Debug|Any CPU
		{3F99726F-3A7E-4A57-9B68-A5F787728809}.Debug|Any CPU.Build.0 = Debug|Any CPU
		{3F99726F-3A7E-4A57-9B68-A5F787728809}.Release|Any CPU.ActiveCfg = Release|Any CPU
		{3F99726F-3A7E-4A57-9B68-A5F787728809}.Release|Any CPU.Build.0 = Release|Any CPU
		{AA5D1541-717C-43AF-BCD3-E0275DC184DC}.Debug|Any CPU.ActiveCfg = Debug|Any CPU
		{AA5D1541-717C-43AF-BCD3-E0275DC184DC}.Debug|Any CPU.Build.0 = Debug|Any CPU
		{AA5D1541-717C-43AF-BCD3-E0275DC184DC}.Release|Any CPU.ActiveCfg = Release|Any CPU
		{AA5D1541-717C-43AF-BCD3-E0275DC184DC}.Release|Any CPU.Build.0 = Release|Any CPU
		{4CE93A50-6B2E-4C64-ACE5-D799A163F34C}.Debug|Any CPU.ActiveCfg = Debug|Any CPU
		{4CE93A50-6B2E-4C64-ACE5-D799A163F34C}.Debug|Any CPU.Build.0 = Debug|Any CPU
		{4CE93A50-6B2E-4C64-ACE5-D799A163F34C}.Release|Any CPU.ActiveCfg = Release|Any CPU
		{4CE93A50-6B2E-4C64-ACE5-D799A163F34C}.Release|Any CPU.Build.0 = Release|Any CPU
	EndGlobalSection
	GlobalSection(SolutionProperties) = preSolution
		HideSolutionNode = FALSE
	EndGlobalSection
	GlobalSection(ExtensibilityGlobals) = postSolution
		SolutionGuid = {82B44BAA-E1F7-43EE-9B69-28D436948CDD}
	EndGlobalSection
EndGlobal
